
Microsoft Visual Studio Solution File, Format Version 12.00
# Visual Studio 14
VisualStudioVersion = 14.0.25420.1
MinimumVisualStudioVersion = 10.0.40219.1
Project("{FAE04EC0-301F-11D3-BF4B-00C04F79EFBC}") = "FileSendServer", "FileSendServer\FileSendServer.csproj", "{14BA627E-0F0A-4512-BDB6-31A2566D242D}"
	ProjectSection(ProjectDependencies) = postProject
		{1A771C9B-5BDF-4798-AECB-B366670B6BCA} = {1A771C9B-5BDF-4798-AECB-B366670B6BCA}
	EndProjectSection
EndProject
Project("{FAE04EC0-301F-11D3-BF4B-00C04F79EFBC}") = "FileSendClient", "FileSendClient\FileSendClient.csproj", "{1A771C9B-5BDF-4798-AECB-B366670B6BCA}"
EndProject
Project("{FAE04EC0-301F-11D3-BF4B-00C04F79EFBC}") = "Diploma", "Diploma\Diploma.csproj", "{EBA3A22A-00A3-4B9F-8D7A-A5CAC13AEF59}"
EndProject
Project("{FAE04EC0-301F-11D3-BF4B-00C04F79EFBC}") = "DataBaseService", "DataBaseService\DataBaseService.csproj", "{8F37E8CC-1070-413A-84BD-91160F1522B1}"
EndProject
Project("{FAE04EC0-301F-11D3-BF4B-00C04F79EFBC}") = "DataBaseServiceHost", "DataBaseServiceHost\DataBaseServiceHost.csproj", "{EB2E6125-BF70-46B8-B7CA-6321D09C8549}"
EndProject
Global
	GlobalSection(SolutionConfigurationPlatforms) = preSolution
		Debug|Any CPU = Debug|Any CPU
		Release|Any CPU = Release|Any CPU
	EndGlobalSection
	GlobalSection(ProjectConfigurationPlatforms) = postSolution
		{14BA627E-0F0A-4512-BDB6-31A2566D242D}.Debug|Any CPU.ActiveCfg = Debug|Any CPU
		{14BA627E-0F0A-4512-BDB6-31A2566D242D}.Debug|Any CPU.Build.0 = Debug|Any CPU
		{14BA627E-0F0A-4512-BDB6-31A2566D242D}.Release|Any CPU.ActiveCfg = Release|Any CPU
		{14BA627E-0F0A-4512-BDB6-31A2566D242D}.Release|Any CPU.Build.0 = Release|Any CPU
		{1A771C9B-5BDF-4798-AECB-B366670B6BCA}.Debug|Any CPU.ActiveCfg = Debug|Any CPU
		{1A771C9B-5BDF-4798-AECB-B366670B6BCA}.Debug|Any CPU.Build.0 = Debug|Any CPU
		{1A771C9B-5BDF-4798-AECB-B366670B6BCA}.Release|Any CPU.ActiveCfg = Release|Any CPU
		{1A771C9B-5BDF-4798-AECB-B366670B6BCA}.Release|Any CPU.Build.0 = Release|Any CPU
		{EBA3A22A-00A3-4B9F-8D7A-A5CAC13AEF59}.Debug|Any CPU.ActiveCfg = Debug|Any CPU
		{EBA3A22A-00A3-4B9F-8D7A-A5CAC13AEF59}.Debug|Any CPU.Build.0 = Debug|Any CPU
		{EBA3A22A-00A3-4B9F-8D7A-A5CAC13AEF59}.Release|Any CPU.ActiveCfg = Release|Any CPU
		{EBA3A22A-00A3-4B9F-8D7A-A5CAC13AEF59}.Release|Any CPU.Build.0 = Release|Any CPU
		{8F37E8CC-1070-413A-84BD-91160F1522B1}.Debug|Any CPU.ActiveCfg = Debug|Any CPU
		{8F37E8CC-1070-413A-84BD-91160F1522B1}.Debug|Any CPU.Build.0 = Debug|Any CPU
		{8F37E8CC-1070-413A-84BD-91160F1522B1}.Release|Any CPU.ActiveCfg = Release|Any CPU
		{8F37E8CC-1070-413A-84BD-91160F1522B1}.Release|Any CPU.Build.0 = Release|Any CPU
		{EB2E6125-BF70-46B8-B7CA-6321D09C8549}.Debug|Any CPU.ActiveCfg = Debug|Any CPU
		{EB2E6125-BF70-46B8-B7CA-6321D09C8549}.Debug|Any CPU.Build.0 = Debug|Any CPU
		{EB2E6125-BF70-46B8-B7CA-6321D09C8549}.Release|Any CPU.ActiveCfg = Release|Any CPU
		{EB2E6125-BF70-46B8-B7CA-6321D09C8549}.Release|Any CPU.Build.0 = Release|Any CPU
	EndGlobalSection
	GlobalSection(SolutionProperties) = preSolution
		HideSolutionNode = FALSE
	EndGlobalSection
EndGlobal
